
Microsoft Visual Studio Solution File, Format Version 12.00
# Visual Studio Version 17
VisualStudioVersion = 17.4.33213.308
MinimumVisualStudioVersion = 10.0.40219.1
Project("{FAE04EC0-301F-11D3-BF4B-00C04F79EFBC}") = "лабараторна робота", "лабараторна робота\лабараторна робота.csproj", "{C22388BB-910F-4BB6-8DAB-825B4E7A1E68}"
EndProject
Global
	GlobalSection(SolutionConfigurationPlatforms) = preSolution
		Debug|Any CPU = Debug|Any CPU
		Release|Any CPU = Release|Any CPU
	EndGlobalSection
	GlobalSection(ProjectConfigurationPlatforms) = postSolution
		{C22388BB-910F-4BB6-8DAB-825B4E7A1E68}.Debug|Any CPU.ActiveCfg = Debug|Any CPU
		{C22388BB-910F-4BB6-8DAB-825B4E7A1E68}.Debug|Any CPU.Build.0 = Debug|Any CPU
		{C22388BB-910F-4BB6-8DAB-825B4E7A1E68}.Release|Any CPU.ActiveCfg = Release|Any CPU
		{C22388BB-910F-4BB6-8DAB-825B4E7A1E68}.Release|Any CPU.Build.0 = Release|Any CPU
	EndGlobalSection
	GlobalSection(SolutionProperties) = preSolution
		HideSolutionNode = FALSE
	EndGlobalSection
	GlobalSection(ExtensibilityGlobals) = postSolution
		SolutionGuid = {A63DFCFB-492E-4EEF-AE52-8520EEE94F76}
	EndGlobalSection
EndGlobal
